version = 1
revision = 3
requires-python = ">=3.11"

[[package]]
name = "lab04"
version = "0.1.0"
source = { virtual = "." }
dependencies = [
    { name = "mpi4py" },
]

[package.metadata]
requires-dist = [{ name = "mpi4py", specifier = ">=4.1.1" }]

[[package]]
name = "mpi4py"
version = "4.1.1"
source = { registry = "https://pypi.org/simple" }
sdist = { url = "https://files.pythonhosted.org/packages/62/74/28ea85b0b949cad827ea50720e00e814e88c8fd536c27c3c491e4f025724/mpi4py-4.1.1.tar.gz", hash = "sha256:eb2c8489bdbc47fdc6b26ca7576e927a11b070b6de196a443132766b3d0a2a22", size = 500518, upload-time = "2025-10-10T13:55:20.402Z" }
wheels = [
    { url = "https://files.pythonhosted.org/packages/36/b3/2e7df40608f2188dca16e38f8030add1071f06b1cd94dd8a4e16b9acbd84/mpi4py-4.1.1-cp310-abi3-macosx_10_9_x86_64.whl", hash = "sha256:1586f5d1557abed9cba7e984d18f32e787b353be0986e599974db177ae36329a", size = 1422849, upload-time = "2025-10-10T13:53:40.082Z" },
    { url = "https://files.pythonhosted.org/packages/6d/ed/970bd3edc0e614eccc726fa406255b88f728a8bc059e81f96f28d6ede0af/mpi4py-4.1.1-cp310-abi3-macosx_11_0_arm64.whl", hash = "sha256:ba85e4778d63c750226de95115c92b709f38d7e661be660a275da4f0992ee197", size = 1326982, upload-time = "2025-10-10T13:53:42.32Z" },
    { url = "https://files.pythonhosted.org/packages/5d/c3/f9a5d1f9ba52ac6386bf3d3550027f42a6b102b0432113cc43294420feb2/mpi4py-4.1.1-cp310-abi3-manylinux1_x86_64.manylinux_2_5_x86_64.whl", hash = "sha256:0a8332884626994d9ef48da233dc7a0355f4868dd7ff59f078d5813a2935b930", size = 1373127, upload-time = "2025-10-10T13:53:43.957Z" },
    { url = "https://files.pythonhosted.org/packages/84/d1/1fe75025df801d817ed49371c719559f742f3f263323442d34dbe3366af3/mpi4py-4.1.1-cp310-abi3-manylinux2014_aarch64.manylinux_2_17_aarch64.whl", hash = "sha256:6e0352860f0b3e18bc0dcb47e42e583ccb9472f89752d711a6fca46a38670554", size = 1225134, upload-time = "2025-10-10T13:53:45.583Z" },
    { url = "https://files.pythonhosted.org/packages/40/44/d653fec0e4ca8181645da4bfb2763017625e5b3f151b208fadd932cb1766/mpi4py-4.1.1-cp310-abi3-win_amd64.whl", hash = "sha256:0f46dfe666a599e4bd2641116b2b4852a3ed9d37915edf98fae471d666663128", size = 1478863, upload-time = "2025-10-10T13:53:47.178Z" },
    { url = "https://files.pythonhosted.org/packages/20/8f/5d28174048ef02fb91dd0759a32c07b272c9f1df265e19145712aa7bd712/mpi4py-4.1.1-cp311-cp311-macosx_10_9_x86_64.whl", hash = "sha256:a428ba96b992a8911cf932fa71dd8c0260d47ab7e5dee2b09239ad91fc540b79", size = 1596913, upload-time = "2025-10-10T13:53:58.466Z" },
    { url = "https://files.pythonhosted.org/packages/ab/81/dce928b11816fac9713e93e609476ddac520fc50368aa7591728c329ff19/mpi4py-4.1.1-cp311-cp311-macosx_11_0_arm64.whl", hash = "sha256:fc0cf81445fac2ae2e5716c365fd72e1bb545df065f5a3f6731f64b3beed886e", size = 1433274, upload-time = "2025-10-10T13:54:00.508Z" },
    { url = "https://files.pythonhosted.org/packages/5d/15/1a869a35d3e3438866dc8d8c9cb04dc6aa484171343627a8baf82c3c1ca9/mpi4py-4.1.1-cp311-cp311-manylinux1_x86_64.manylinux_2_5_x86_64.whl", hash = "sha256:a753d5d61b46f90260247f344a6c57c527a6a4e7bea126830120ab41c3d057e5", size = 1423333, upload-time = "2025-10-10T13:54:03.679Z" },
    { url = "https://files.pythonhosted.org/packages/25/33/072781fb85f5bc50b93ee7e8d3b3afb849d50570431b6cb2aa957db79b59/mpi4py-4.1.1-cp311-cp311-manylinux2014_aarch64.manylinux_2_17_aarch64.whl", hash = "sha256:4a36ef9d7b2b6b62026dbf9b59b44efb5430f7b9ca5fb855bfbf8d403218e37c", size = 1299183, upload-time = "2025-10-10T13:54:05.3Z" },
    { url = "https://files.pythonhosted.org/packages/f9/a7/152af3c6412702a4e0fcfd0fe572307ed52821de13db9c96535f31a39aa7/mpi4py-4.1.1-cp311-cp311-win_amd64.whl", hash = "sha256:20bf4c0c65fd67287664f8b1b6dc7c7b341838f10bba34a2e452d47530ce8a5f", size = 1632284, upload-time = "2025-10-10T13:54:06.786Z" },
    { url = "https://files.pythonhosted.org/packages/ff/2c/e201cd4828555f10306a5439875cbd0ecfba766ace01ff5c6df43f795650/mpi4py-4.1.1-cp312-cp312-macosx_10_13_x86_64.whl", hash = "sha256:d4403a7cec985be9963efc626193e6df3f63f5ada0c26373c28e640e623e56c3", size = 1669517, upload-time = "2025-10-10T13:54:08.404Z" },
    { url = "https://files.pythonhosted.org/packages/7b/53/18d978c3a19deecf38217ce54319e6c9162fec3569c4256c039b66eac2f4/mpi4py-4.1.1-cp312-cp312-macosx_11_0_arm64.whl", hash = "sha256:8a2ffccc9f3a8c7c957403faad594d650c60234ac08cbedf45beaa96602debe9", size = 1454721, upload-time = "2025-10-10T13:54:09.977Z" },
    { url = "https://files.pythonhosted.org/packages/ee/15/b908d1d23a4bd2bd7b2e98de5df23b26e43145119fe294728bf89211b935/mpi4py-4.1.1-cp312-cp312-manylinux1_x86_64.manylinux_2_5_x86_64.whl", hash = "sha256:ed3d9b619bf197a290f7fd67eb61b1c2a5c204afd9621651a50dc0b1c1280d45", size = 1448977, upload-time = "2025-10-10T13:54:11.65Z" },
    { url = "https://files.pythonhosted.org/packages/5d/19/088a2d37e80e0feb7851853b2a71cbe6f9b18bdf0eab680977864ea83aab/mpi4py-4.1.1-cp312-cp312-manylinux2014_aarch64.manylinux_2_17_aarch64.whl", hash = "sha256:0699c194db5d95fc2085711e4e0013083bd7ae9a88438e1fd64ddb67e9b0cf9e", size = 1318737, upload-time = "2025-10-10T13:54:13.075Z" },
    { url = "https://files.pythonhosted.org/packages/97/3a/526261f39bf096e5ff396d18b76740a58d872425612ff84113dd85c2c08e/mpi4py-4.1.1-cp312-cp312-win_amd64.whl", hash = "sha256:0abf5490c3d49c30542b461bfc5ad88dd7d147a4bdb456b7163640577fdfef88", size = 1725676, upload-time = "2025-10-10T13:54:14.681Z" },
    { url = "https://files.pythonhosted.org/packages/30/75/2ffccd69360680a0216e71f90fd50dc8ff49711be54502d522a068196c68/mpi4py-4.1.1-cp313-cp313-macosx_10_13_x86_64.whl", hash = "sha256:f3dd973c509f2dbb6904c035a4a071509cde98decf0528fa21e2e7d5db5cc988", size = 1710002, upload-time = "2025-10-10T13:54:17.042Z" },
    { url = "https://files.pythonhosted.org/packages/3c/13/22fa9dcbc5e4ae6fd10cba6d49b7c879c30c5bea88f450f79b373d200f40/mpi4py-4.1.1-cp313-cp313-macosx_11_0_arm64.whl", hash = "sha256:c8c83a359e62dd7fdd030360f430e0e8986df029c0953ab216ff97a110038dc4", size = 1484623, upload-time = "2025-10-10T13:54:19.097Z" },
    { url = "https://files.pythonhosted.org/packages/47/01/476f0f9dc96261d02214009f42e10338fc56f260f1f10b23ee89c515c8b7/mpi4py-4.1.1-cp313-cp313-manylinux1_x86_64.manylinux_2_5_x86_64.whl", hash = "sha256:323ba354ba951c7736c033c5f2ad07bb1276f9696f0312ea6ff0a28cd0ab3e3d", size = 1448403, upload-time = "2025-10-10T13:54:21.211Z" },
    { url = "https://files.pythonhosted.org/packages/a2/20/dc990edb7b075ecdba4e02bcd03d1583faeb84f664d1585c4c00a0f9851a/mpi4py-4.1.1-cp313-cp313-manylinux2014_aarch64.manylinux_2_17_aarch64.whl", hash = "sha256:8c4ef9fe5fb211b1c5b6afe521397e3feb01e104024d6bc37aa4289c370605e2", size = 1318018, upload-time = "2025-10-10T13:54:23.23Z" },
    { url = "https://files.pythonhosted.org/packages/4e/bf/b0ab43a99ac2a1d6d5765cb7d2a4f093656090ce07528043057ecc3e87cb/mpi4py-4.1.1-cp313-cp313-win_amd64.whl", hash = "sha256:e13a1ba26604514a12c95b7d76058ce800d5740d5f5f3b50c4b782cfa0dfaa1f", size = 1722939, upload-time = "2025-10-10T13:54:24.862Z" },
    { url = "https://files.pythonhosted.org/packages/84/26/3e00dc536311e758096414b4f33beb4c7f04dff875e87a6e88fbbe4fc2d8/mpi4py-4.1.1-cp313-cp313t-macosx_10_13_x86_64.whl", hash = "sha256:28ce1f7412f5e99a6b9fe2547203633431d0ee45670413a475a07e6c785e63b1", size = 1798116, upload-time = "2025-10-10T13:54:26.378Z" },
    { url = "https://files.pythonhosted.org/packages/15/51/d06d2b126be5660aca8c00fe0d940a8658085038f61a9cfc834d3d5ffa80/mpi4py-4.1.1-cp313-cp313t-macosx_11_0_arm64.whl", hash = "sha256:dd1e49b84a0651018517e87daf68085719eca25e5c9a7cd05d98a73418c88836", size = 1586285, upload-time = "2025-10-10T13:54:27.838Z" },
    { url = "https://files.pythonhosted.org/packages/51/63/eeb936e0e8cfd8160b6b297645c730b22d242595861cf6a2fa627a358175/mpi4py-4.1.1-cp313-cp313t-manylinux1_x86_64.manylinux_2_5_x86_64.whl", hash = "sha256:dd869ea7758b591ffbb1483588a6fbf84952a5090e80a45ea89674d55cf25f3b", size = 1514102, upload-time = "2025-10-10T13:54:29.297Z" },
    { url = "https://files.pythonhosted.org/packages/1a/c1/06967d4c107ea7169d2120c4fb86c404707e6de82e277dc9f0fa5a9c1bf1/mpi4py-4.1.1-cp313-cp313t-manylinux2014_aarch64.manylinux_2_17_aarch64.whl", hash = "sha256:475da0797442cba723c0ad37da6a1c51d9624e697dd8bf89f23d0fad81e73eda", size = 1395247, upload-time = "2025-10-10T13:54:30.881Z" },
    { url = "https://files.pythonhosted.org/packages/9e/7c/5f0f32b39185f0a7074c165dc37cdd235bfd737928a2fe223e41b308fb4c/mpi4py-4.1.1-cp313-cp313t-win_amd64.whl", hash = "sha256:8d3bfa074776d9507ee957f5230d11ecd03da23f601a85349a1a333eaf55e5fa", size = 1771515, upload-time = "2025-10-10T13:54:32.395Z" },
    { url = "https://files.pythonhosted.org/packages/6a/e8/93ddde2b6ee7631b46bb79b851630b3527d9060b9b999844bcd882977539/mpi4py-4.1.1-cp314-cp314-macosx_10_13_x86_64.whl", hash = "sha256:1deb6f9df28ec6972305287cb2035c20d3f5af59f687f962080756374c16e48f", size = 1713353, upload-time = "2025-10-10T13:54:33.934Z" },
    { url = "https://files.pythonhosted.org/packages/b2/23/449562bd23fcfbd7d01006b39429972bfed5dfb8541355d06d2e17c16c27/mpi4py-4.1.1-cp314-cp314-macosx_11_0_arm64.whl", hash = "sha256:1bb1e3ad0b9047b0dbc7b4014160a7ab2a84f1627be665527c7445fc312f189b", size = 1496415, upload-time = "2025-10-10T13:54:35.927Z" },
    { url = "https://files.pythonhosted.org/packages/51/33/9a5b9ae66cbb095b711f4ddae6d2d4b0f55202ac9e503fd588b101f04a22/mpi4py-4.1.1-cp314-cp314-manylinux1_x86_64.manylinux_2_5_x86_64.whl", hash = "sha256:5f757e3089abf2c9db69fac1665fa99c52ed392fdf799159f25cba9ee3b64f5a", size = 1450750, upload-time = "2025-10-10T13:54:37.608Z" },
    { url = "https://files.pythonhosted.org/packages/d2/88/6acf948f19cb59c0e8843fed4ab4c471b7644e8a16c2d5d9c7ab6d73d573/mpi4py-4.1.1-cp314-cp314-manylinux2014_aarch64.manylinux_2_17_aarch64.whl", hash = "sha256:807c6f1ed3adbc12952db52127e34cfbd6c48a05c3b3dd59deee2d2f09d78888", size = 1325773, upload-time = "2025-10-10T13:54:39.136Z" },
    { url = "https://files.pythonhosted.org/packages/6a/b4/3021e073772cd9e1062a810b7298e68ea40933fb91b1c1c0d07c968dce5c/mpi4py-4.1.1-cp314-cp314-win_amd64.whl", hash = "sha256:2c85983d38d77e6302a242e32afd2a9a9b3adedd770e199a38e5b8957150e7ac", size = 1721603, upload-time = "2025-10-10T13:54:41.396Z" },
    { url = "https://files.pythonhosted.org/packages/ed/02/b6700c24fe28588a4e40adb23d02fe2aea82b33495fd6290235da5199383/mpi4py-4.1.1-cp314-cp314t-macosx_10_13_x86_64.whl", hash = "sha256:729c4f625ad60e5cfb6c260608d249dc35a33cc16605faff01c6adbbd7e8ce0f", size = 1799551, upload-time = "2025-10-10T13:54:43.084Z" },
    { url = "https://files.pythonhosted.org/packages/5a/93/9c9870174183869bd5a50bbfe7bda91a52bf7ca2d0851de4009590e735a2/mpi4py-4.1.1-cp314-cp314t-macosx_11_0_arm64.whl", hash = "sha256:3cca235d46009f54cb319c779c6ac53d41ce1eee3cf07f157995bc7739329b97", size = 1587583, upload-time = "2025-10-10T13:54:45.989Z" },
    { url = "https://files.pythonhosted.org/packages/29/12/c46bec2311fc937ed3767312f9feb5f11bc70058c20bc53ae7369d759424/mpi4py-4.1.1-cp314-cp314t-manylinux1_x86_64.manylinux_2_5_x86_64.whl", hash = "sha256:2580fab891db492f32a6e02717e824f6fd5588be6560b08627c1e9322f7ccbfb", size = 1513437, upload-time = "2025-10-10T13:54:48.145Z" },
    { url = "https://files.pythonhosted.org/packages/09/3e/e46629867204b22ce6804096e0b7d35bb5b473df1d12272021843af726c3/mpi4py-4.1.1-cp314-cp314t-manylinux2014_aarch64.manylinux_2_17_aarch64.whl", hash = "sha256:6beec4841f9436d49ec9cabfd76a19df61c10b21ca14eddafa58fe7977802ee7", size = 1395082, upload-time = "2025-10-10T13:54:49.744Z" },
    { url = "https://files.pythonhosted.org/packages/1a/ca/7e27edf78cd8ba68aacafc836004cd092a978f0d5ffc8a3eac9e904a3e0e/mpi4py-4.1.1-cp314-cp314t-win_amd64.whl", hash = "sha256:b4b3813da9a7a1fc37ffb8dad314cb396313a40cd3fe150854ab29e999a9eb8c", size = 1771707, upload-time = "2025-10-10T13:54:51.756Z" },
    { url = "https://files.pythonhosted.org/packages/e9/63/b6a2863fb7dd5a9eccfdb055bf1124b999ff755d0187223b307161479b76/mpi4py-4.1.1-pp311-pypy311_pp73-macosx_10_15_x86_64.whl", hash = "sha256:95bb98d946eb88c9ae4dc6c42d11b3af8ce6b91e644c288cc3f85ec7596ffcd3", size = 1480110, upload-time = "2025-10-10T13:55:11.381Z" },
    { url = "https://files.pythonhosted.org/packages/de/18/358f0eb58fb3b79f65861ed682af9e735d86669663dfbce396e8673ed518/mpi4py-4.1.1-pp311-pypy311_pp73-macosx_11_0_arm64.whl", hash = "sha256:84e9eb2e609b0b94cd0e9a3e3b57d897f748fb0207c4f72e81e5a95aba033767", size = 1340704, upload-time = "2025-10-10T13:55:12.973Z" },
    { url = "https://files.pythonhosted.org/packages/b9/66/b342e330ac543d0147ebfab754f69854c4777ac9785cb5b7610e3cd0c29a/mpi4py-4.1.1-pp311-pypy311_pp73-manylinux1_x86_64.manylinux_2_5_x86_64.whl", hash = "sha256:027b1a1ff9d57afed10af6b79041b95f85fd11b2af74e4c34ef4866ce81ecc24", size = 1380452, upload-time = "2025-10-10T13:55:14.582Z" },
    { url = "https://files.pythonhosted.org/packages/dd/61/bbf87de6f3a8a9c54e7a4b72878c9069646ca9cafac8217fa5493a54b068/mpi4py-4.1.1-pp311-pypy311_pp73-manylinux2014_aarch64.manylinux_2_17_aarch64.whl", hash = "sha256:c1191856906967a48fdcc484b326c179747e68c186261d76480a75156bcc73bf", size = 1255980, upload-time = "2025-10-10T13:55:17.075Z" },
    { url = "https://files.pythonhosted.org/packages/8d/4b/227091dec11518e5545bd1ec91f52e06f64bdae697adc5fb33f9f20c04dc/mpi4py-4.1.1-pp311-pypy311_pp73-win_amd64.whl", hash = "sha256:189d49b0ae963f8f6f5dd8ed0f5f37923285c97bc725476990ec0556972bb4b2", size = 1452641, upload-time = "2025-10-10T13:55:18.562Z" },
]
